
Microsoft Visual Studio Solution File, Format Version 12.00
# Visual Studio 15
VisualStudioVersion = 15.0.26228.9
MinimumVisualStudioVersion = 10.0.40219.1
Project("{8BC9CEB8-8B4A-11D0-8D11-00A0C91BC942}") = "Evolving NN on a racing game", "Evolving NN on a racing game\Evolving NN on a racing game.vcxproj", "{88729A28-88FA-42D8-A3C2-7F40BC0F6AAF}"
EndProject
Global
	GlobalSection(SolutionConfigurationPlatforms) = preSolution
		Debug|x64 = Debug|x64
		Debug|x86 = Debug|x86
		Release|x64 = Release|x64
		Release|x86 = Release|x86
	EndGlobalSection
	GlobalSection(ProjectConfigurationPlatforms) = postSolution
		{88729A28-88FA-42D8-A3C2-7F40BC0F6AAF}.Debug|x64.ActiveCfg = Debug|x64
		{88729A28-88FA-42D8-A3C2-7F40BC0F6AAF}.Debug|x64.Build.0 = Debug|x64
		{88729A28-88FA-42D8-A3C2-7F40BC0F6AAF}.Debug|x86.ActiveCfg = Debug|Win32
		{88729A28-88FA-42D8-A3C2-7F40BC0F6AAF}.Debug|x86.Build.0 = Debug|Win32
		{88729A28-88FA-42D8-A3C2-7F40BC0F6AAF}.Release|x64.ActiveCfg = Release|x64
		{88729A28-88FA-42D8-A3C2-7F40BC0F6AAF}.Release|x64.Build.0 = Release|x64
		{88729A28-88FA-42D8-A3C2-7F40BC0F6AAF}.Release|x86.ActiveCfg = Release|Win32
		{88729A28-88FA-42D8-A3C2-7F40BC0F6AAF}.Release|x86.Build.0 = Release|Win32
	EndGlobalSection
	GlobalSection(SolutionProperties) = preSolution
		HideSolutionNode = FALSE
	EndGlobalSection
EndGlobal
